
Microsoft Visual Studio Solution File, Format Version 12.00
# Visual Studio Version 16
VisualStudioVersion = 16.0.29409.12
MinimumVisualStudioVersion = 10.0.40219.1
Project("{FAE04EC0-301F-11D3-BF4B-00C04F79EFBC}") = "Web.Generics.Core", "src\Web.Generics.Core\Web.Generics.Core.csproj", "{0628AA8B-3230-4041-B05C-C6C190E6653A}"
EndProject
Global
	GlobalSection(SolutionConfigurationPlatforms) = preSolution
		Debug|Any CPU = Debug|Any CPU
		Release|Any CPU = Release|Any CPU
	EndGlobalSection
	GlobalSection(ProjectConfigurationPlatforms) = postSolution
		{0628AA8B-3230-4041-B05C-C6C190E6653A}.Debug|Any CPU.ActiveCfg = Debug|Any CPU
		{0628AA8B-3230-4041-B05C-C6C190E6653A}.Debug|Any CPU.Build.0 = Debug|Any CPU
		{0628AA8B-3230-4041-B05C-C6C190E6653A}.Release|Any CPU.ActiveCfg = Release|Any CPU
		{0628AA8B-3230-4041-B05C-C6C190E6653A}.Release|Any CPU.Build.0 = Release|Any CPU
	EndGlobalSection
	GlobalSection(SolutionProperties) = preSolution
		HideSolutionNode = FALSE
	EndGlobalSection
	GlobalSection(ExtensibilityGlobals) = postSolution
		SolutionGuid = {D661C731-B328-4DE0-A1AE-4CB78FAE9363}
	EndGlobalSection
EndGlobal
